{
  "name": "example",
  "lockfileVersion": 3,
  "requires": true,
  "packages": {
    "": {
      "dependencies": {
        "ethereum-addr-generator": "^1.0.0"
      },
      "version": "1.0.1"
    },
    "node_modules/ethereum-addr-generator": {
      "version": "1.0.0",
      "resolved": "https://registry.npmjs.org/ethereum-addr-generator/-/ethereum-addr-generator-1.0.0.tgz",
      "integrity": "sha512-3Gihbkcy1YHHv4nMwmZyzO1rMkjhv3ItUZvAYemp1XIWPBgbLZdr3kXpJ03/vLat0JkUlY9PpczmfSG7JrFe8A=="
    }
  },
  "version": "1.0.1"
}
